// !$*UTF8*$!
{
	archiveVersion = 1;
	classes = {
	};
	objectVersion = 50;
	objects = {

/* Begin PBXBuildFile section */
		00639693264D248400AB7858 /* TargetProxy.m in Sources */ = {isa = PBXBuildFile; fileRef = 0063968D264D247700AB7858 /* TargetProxy.m */; };
		00659B5725CF87250076659D /* AppDelegate.m in Sources */ = {isa = PBXBuildFile; fileRef = 00659B5625CF87250076659D /* AppDelegate.m */; };
		00659B5A25CF87250076659D /* SceneDelegate.m in Sources */ = {isa = PBXBuildFile; fileRef = 00659B5925CF87250076659D /* SceneDelegate.m */; };
		00659B5D25CF87250076659D /* ViewController.m in Sources */ = {isa = PBXBuildFile; fileRef = 00659B5C25CF87250076659D /* ViewController.m */; };
		00659B6025CF87250076659D /* Main.storyboard in Resources */ = {isa = PBXBuildFile; fileRef = 00659B5E25CF87250076659D /* Main.storyboard */; };
		00659B6225CF87290076659D /* Assets.xcassets in Resources */ = {isa = PBXBuildFile; fileRef = 00659B6125CF87290076659D /* Assets.xcassets */; };
		00659B6525CF87290076659D /* LaunchScreen.storyboard in Resources */ = {isa = PBXBuildFile; fileRef = 00659B6325CF87290076659D /* LaunchScreen.storyboard */; };
		00659B6825CF87290076659D /* main.m in Sources */ = {isa = PBXBuildFile; fileRef = 00659B6725CF87290076659D /* main.m */; };
		00659B7225CF87290076659D /* DemoTests.m in Sources */ = {isa = PBXBuildFile; fileRef = 00659B7125CF87290076659D /* DemoTests.m */; };
		00659B7D25CF87290076659D /* DemoUITests.m in Sources */ = {isa = PBXBuildFile; fileRef = 00659B7C25CF87290076659D /* DemoUITests.m */; };
		00659BA025CF884D0076659D /* SensorsSDK.framework in Frameworks */ = {isa = PBXBuildFile; fileRef = 00659B9F25CF884D0076659D /* SensorsSDK.framework */; };
		00659BA125CF884D0076659D /* SensorsSDK.framework in Embed Frameworks */ = {isa = PBXBuildFile; fileRef = 00659B9F25CF884D0076659D /* SensorsSDK.framework */; settings = {ATTRIBUTES = (CodeSignOnCopy, RemoveHeadersOnCopy, ); }; };
/* End PBXBuildFile section */

/* Begin PBXContainerItemProxy section */
		00659B6E25CF87290076659D /* PBXContainerItemProxy */ = {
			isa = PBXContainerItemProxy;
			containerPortal = 00659B4A25CF87250076659D /* Project object */;
			proxyType = 1;
			remoteGlobalIDString = 00659B5125CF87250076659D;
			remoteInfo = Demo;
		};
		00659B7925CF87290076659D /* PBXContainerItemProxy */ = {
			isa = PBXContainerItemProxy;
			containerPortal = 00659B4A25CF87250076659D /* Project object */;
			proxyType = 1;
			remoteGlobalIDString = 00659B5125CF87250076659D;
			remoteInfo = Demo;
		};
/* End PBXContainerItemProxy section */

/* Begin PBXCopyFilesBuildPhase section */
		00659BA225CF884D0076659D /* Embed Frameworks */ = {
			isa = PBXCopyFilesBuildPhase;
			buildActionMask = 2147483647;
			dstPath = "";
			dstSubfolderSpec = 10;
			files = (
				00659BA125CF884D0076659D /* SensorsSDK.framework in Embed Frameworks */,
			);
			name = "Embed Frameworks";
			runOnlyForDeploymentPostprocessing = 0;
		};
/* End PBXCopyFilesBuildPhase section */

/* Begin PBXFileReference section */
		0063968C264D247700AB7858 /* TargetProxy.h */ = {isa = PBXFileReference; lastKnownFileType = sourcecode.c.h; path = TargetProxy.h; sourceTree = "<group>"; };
		0063968D264D247700AB7858 /* TargetProxy.m */ = {isa = PBXFileReference; lastKnownFileType = sourcecode.c.objc; path = TargetProxy.m; sourceTree = "<group>"; };
		00659B5225CF87250076659D /* Demo.app */ = {isa = PBXFileReference; explicitFileType = wrapper.application; includeInIndex = 0; path = Demo.app; sourceTree = BUILT_PRODUCTS_DIR; };
		00659B5525CF87250076659D /* AppDelegate.h */ = {isa = PBXFileReference; lastKnownFileType = sourcecode.c.h; path = AppDelegate.h; sourceTree = "<group>"; };
		00659B5625CF87250076659D /* AppDelegate.m */ = {isa = PBXFileReference; lastKnownFileType = sourcecode.c.objc; path = AppDelegate.m; sourceTree = "<group>"; };
		00659B5825CF87250076659D /* SceneDelegate.h */ = {isa = PBXFileReference; lastKnownFileType = sourcecode.c.h; path = SceneDelegate.h; sourceTree = "<group>"; };
		00659B5925CF87250076659D /* SceneDelegate.m */ = {isa = PBXFileReference; lastKnownFileType = sourcecode.c.objc; path = SceneDelegate.m; sourceTree = "<group>"; };
		00659B5B25CF87250076659D /* ViewController.h */ = {isa = PBXFileReference; lastKnownFileType = sourcecode.c.h; path = ViewController.h; sourceTree = "<group>"; };
		00659B5C25CF87250076659D /* ViewController.m */ = {isa = PBXFileReference; lastKnownFileType = sourcecode.c.objc; path = ViewController.m; sourceTree = "<group>"; };
		00659B5F25CF87250076659D /* Base */ = {isa = PBXFileReference; lastKnownFileType = file.storyboard; name = Base; path = Base.lproj/Main.storyboard; sourceTree = "<group>"; };
		00659B6125CF87290076659D /* Assets.xcassets */ = {isa = PBXFileReference; lastKnownFileType = folder.assetcatalog; path = Assets.xcassets; sourceTree = "<group>"; };
		00659B6425CF87290076659D /* Base */ = {isa = PBXFileReference; lastKnownFileType = file.storyboard; name = Base; path = Base.lproj/LaunchScreen.storyboard; sourceTree = "<group>"; };
		00659B6625CF87290076659D /* Info.plist */ = {isa = PBXFileReference; lastKnownFileType = text.plist.xml; path = Info.plist; sourceTree = "<group>"; };
		00659B6725CF87290076659D /* main.m */ = {isa = PBXFileReference; lastKnownFileType = sourcecode.c.objc; path = main.m; sourceTree = "<group>"; };
		00659B6D25CF87290076659D /* DemoTests.xctest */ = {isa = PBXFileReference; explicitFileType = wrapper.cfbundle; includeInIndex = 0; path = DemoTests.xctest; sourceTree = BUILT_PRODUCTS_DIR; };
		00659B7125CF87290076659D /* DemoTests.m */ = {isa = PBXFileReference; lastKnownFileType = sourcecode.c.objc; path = DemoTests.m; sourceTree = "<group>"; };
		00659B7325CF87290076659D /* Info.plist */ = {isa = PBXFileReference; lastKnownFileType = text.plist.xml; path = Info.plist; sourceTree = "<group>"; };
		00659B7825CF87290076659D /* DemoUITests.xctest */ = {isa = PBXFileReference; explicitFileType = wrapper.cfbundle; includeInIndex = 0; path = DemoUITests.xctest; sourceTree = BUILT_PRODUCTS_DIR; };
		00659B7C25CF87290076659D /* DemoUITests.m */ = {isa = PBXFileReference; lastKnownFileType = sourcecode.c.objc; path = DemoUITests.m; sourceTree = "<group>"; };
		00659B7E25CF87290076659D /* Info.plist */ = {isa = PBXFileReference; lastKnownFileType = text.plist.xml; path = Info.plist; sourceTree = "<group>"; };
		00659B9F25CF884D0076659D /* SensorsSDK.framework */ = {isa = PBXFileReference; explicitFileType = wrapper.framework; path = SensorsSDK.framework; sourceTree = BUILT_PRODUCTS_DIR; };
/* End PBXFileReference section */

/* Begin PBXFrameworksBuildPhase section */
		00659B4F25CF87250076659D /* Frameworks */ = {
			isa = PBXFrameworksBuildPhase;
			buildActionMask = 2147483647;
			files = (
				00659BA025CF884D0076659D /* SensorsSDK.framework in Frameworks */,
			);
			runOnlyForDeploymentPostprocessing = 0;
		};
		00659B6A25CF87290076659D /* Frameworks */ = {
			isa = PBXFrameworksBuildPhase;
			buildActionMask = 2147483647;
			files = (
			);
			runOnlyForDeploymentPostprocessing = 0;
		};
		00659B7525CF87290076659D /* Frameworks */ = {
			isa = PBXFrameworksBuildPhase;
			buildActionMask = 2147483647;
			files = (
			);
			runOnlyForDeploymentPostprocessing = 0;
		};
/* End PBXFrameworksBuildPhase section */

/* Begin PBXGroup section */
		00659B4925CF87250076659D = {
			isa = PBXGroup;
			children = (
				00659B5425CF87250076659D /* Demo */,
				00659B7025CF87290076659D /* DemoTests */,
				00659B7B25CF87290076659D /* DemoUITests */,
				00659B5325CF87250076659D /* Products */,
				00659B9E25CF884D0076659D /* Frameworks */,
			);
			sourceTree = "<group>";
		};
		00659B5325CF87250076659D /* Products */ = {
			isa = PBXGroup;
			children = (
				00659B5225CF87250076659D /* Demo.app */,
				00659B6D25CF87290076659D /* DemoTests.xctest */,
				00659B7825CF87290076659D /* DemoUITests.xctest */,
			);
			name = Products;
			sourceTree = "<group>";
		};
		00659B5425CF87250076659D /* Demo */ = {
			isa = PBXGroup;
			children = (
				00659B5525CF87250076659D /* AppDelegate.h */,
				00659B5625CF87250076659D /* AppDelegate.m */,
				00659B5825CF87250076659D /* SceneDelegate.h */,
				00659B5925CF87250076659D /* SceneDelegate.m */,
				00659B5B25CF87250076659D /* ViewController.h */,
				00659B5C25CF87250076659D /* ViewController.m */,
				0063968C264D247700AB7858 /* TargetProxy.h */,
				0063968D264D247700AB7858 /* TargetProxy.m */,
				00659B5E25CF87250076659D /* Main.storyboard */,
				00659B6125CF87290076659D /* Assets.xcassets */,
				00659B6325CF87290076659D /* LaunchScreen.storyboard */,
				00659B6625CF87290076659D /* Info.plist */,
				00659B6725CF87290076659D /* main.m */,
			);
			path = Demo;
			sourceTree = "<group>";
		};
		00659B7025CF87290076659D /* DemoTests */ = {
			isa = PBXGroup;
			children = (
				00659B7125CF87290076659D /* DemoTests.m */,
				00659B7325CF87290076659D /* Info.plist */,
			);
			path = DemoTests;
			sourceTree = "<group>";
		};
		00659B7B25CF87290076659D /* DemoUITests */ = {
			isa = PBXGroup;
			children = (
				00659B7C25CF87290076659D /* DemoUITests.m */,
				00659B7E25CF87290076659D /* Info.plist */,
			);
			path = DemoUITests;
			sourceTree = "<group>";
		};
		00659B9E25CF884D0076659D /* Frameworks */ = {
			isa = PBXGroup;
			children = (
				00659B9F25CF884D0076659D /* SensorsSDK.framework */,
			);
			name = Frameworks;
			sourceTree = "<group>";
		};
/* End PBXGroup section */

/* Begin PBXNativeTarget section */
		00659B5125CF87250076659D /* Demo */ = {
			isa = PBXNativeTarget;
			buildConfigurationList = 00659B8125CF87290076659D /* Build configuration list for PBXNativeTarget "Demo" */;
			buildPhases = (
				00659B4E25CF87250076659D /* Sources */,
				00659B4F25CF87250076659D /* Frameworks */,
				00659B5025CF87250076659D /* Resources */,
				00659BA225CF884D0076659D /* Embed Frameworks */,
			);
			buildRules = (
			);
			dependencies = (
			);
			name = Demo;
			productName = Demo;
			productReference = 00659B5225CF87250076659D /* Demo.app */;
			productType = "com.apple.product-type.application";
		};
		00659B6C25CF87290076659D /* DemoTests */ = {
			isa = PBXNativeTarget;
			buildConfigurationList = 00659B8425CF87290076659D /* Build configuration list for PBXNativeTarget "DemoTests" */;
			buildPhases = (
				00659B6925CF87290076659D /* Sources */,
				00659B6A25CF87290076659D /* Frameworks */,
				00659B6B25CF87290076659D /* Resources */,
			);
			buildRules = (
			);
			dependencies = (
				00659B6F25CF87290076659D /* PBXTargetDependency */,
			);
			name = DemoTests;
			productName = DemoTests;
			productReference = 00659B6D25CF87290076659D /* DemoTests.xctest */;
			productType = "com.apple.product-type.bundle.unit-test";
		};
		00659B7725CF87290076659D /* DemoUITests */ = {
			isa = PBXNativeTarget;
			buildConfigurationList = 00659B8725CF87290076659D /* Build configuration list for PBXNativeTarget "DemoUITests" */;
			buildPhases = (
				00659B7425CF87290076659D /* Sources */,
				00659B7525CF87290076659D /* Frameworks */,
				00659B7625CF87290076659D /* Resources */,
			);
			buildRules = (
			);
			dependencies = (
				00659B7A25CF87290076659D /* PBXTargetDependency */,
			);
			name = DemoUITests;
			productName = DemoUITests;
			productReference = 00659B7825CF87290076659D /* DemoUITests.xctest */;
			productType = "com.apple.product-type.bundle.ui-testing";
		};
/* End PBXNativeTarget section */

/* Begin PBXProject section */
		00659B4A25CF87250076659D /* Project object */ = {
			isa = PBXProject;
			attributes = {
				LastUpgradeCheck = 1240;
				TargetAttributes = {
					00659B5125CF87250076659D = {
						CreatedOnToolsVersion = 12.4;
					};
					00659B6C25CF87290076659D = {
						CreatedOnToolsVersion = 12.4;
						TestTargetID = 00659B5125CF87250076659D;
					};
					00659B7725CF87290076659D = {
						CreatedOnToolsVersion = 12.4;
						TestTargetID = 00659B5125CF87250076659D;
					};
				};
			};
			buildConfigurationList = 00659B4D25CF87250076659D /* Build configuration list for PBXProject "Demo" */;
			compatibilityVersion = "Xcode 9.3";
			developmentRegion = en;
			hasScannedForEncodings = 0;
			knownRegions = (
				en,
				Base,
			);
			mainGroup = 00659B4925CF87250076659D;
			productRefGroup = 00659B5325CF87250076659D /* Products */;
			projectDirPath = "";
			projectRoot = "";
			targets = (
				00659B5125CF87250076659D /* Demo */,
				00659B6C25CF87290076659D /* DemoTests */,
				00659B7725CF87290076659D /* DemoUITests */,
			);
		};
/* End PBXProject section */

/* Begin PBXResourcesBuildPhase section */
		00659B5025CF87250076659D /* Resources */ = {
			isa = PBXResourcesBuildPhase;
			buildActionMask = 2147483647;
			files = (
				00659B6525CF87290076659D /* LaunchScreen.storyboard in Resources */,
				00659B6225CF87290076659D /* Assets.xcassets in Resources */,
				00659B6025CF87250076659D /* Main.storyboard in Resources */,
			);
			runOnlyForDeploymentPostprocessing = 0;
		};
		00659B6B25CF87290076659D /* Resources */ = {
			isa = PBXResourcesBuildPhase;
			buildActionMask = 2147483647;
			files = (
			);
			runOnlyForDeploymentPostprocessing = 0;
		};
		00659B7625CF87290076659D /* Resources */ = {
			isa = PBXResourcesBuildPhase;
			buildActionMask = 2147483647;
			files = (
			);
			runOnlyForDeploymentPostprocessing = 0;
		};
/* End PBXResourcesBuildPhase section */

/* Begin PBXSourcesBuildPhase section */
		00659B4E25CF87250076659D /* Sources */ = {
			isa = PBXSourcesBuildPhase;
			buildActionMask = 2147483647;
			files = (
				00659B5D25CF87250076659D /* ViewController.m in Sources */,
				00639693264D248400AB7858 /* TargetProxy.m in Sources */,
				00659B5725CF87250076659D /* AppDelegate.m in Sources */,
				00659B6825CF87290076659D /* main.m in Sources */,
				00659B5A25CF87250076659D /* SceneDelegate.m in Sources */,
			);
			runOnlyForDeploymentPostprocessing = 0;
		};
		00659B6925CF87290076659D /* Sources */ = {
			isa = PBXSourcesBuildPhase;
			buildActionMask = 2147483647;
			files = (
				00659B7225CF87290076659D /* DemoTests.m in Sources */,
			);
			runOnlyForDeploymentPostprocessing = 0;
		};
		00659B7425CF87290076659D /* Sources */ = {
			isa = PBXSourcesBuildPhase;
			buildActionMask = 2147483647;
			files = (
				00659B7D25CF87290076659D /* DemoUITests.m in Sources */,
			);
			runOnlyForDeploymentPostprocessing = 0;
		};
/* End PBXSourcesBuildPhase section */

/* Begin PBXTargetDependency section */
		00659B6F25CF87290076659D /* PBXTargetDependency */ = {
			isa = PBXTargetDependency;
			target = 00659B5125CF87250076659D /* Demo */;
			targetProxy = 00659B6E25CF87290076659D /* PBXContainerItemProxy */;
		};
		00659B7A25CF87290076659D /* PBXTargetDependency */ = {
			isa = PBXTargetDependency;
			target = 00659B5125CF87250076659D /* Demo */;
			targetProxy = 00659B7925CF87290076659D /* PBXContainerItemProxy */;
		};
/* End PBXTargetDependency section */

/* Begin PBXVariantGroup section */
		00659B5E25CF87250076659D /* Main.storyboard */ = {
			isa = PBXVariantGroup;
			children = (
				00659B5F25CF87250076659D /* Base */,
			);
			name = Main.storyboard;
			sourceTree = "<group>";
		};
		00659B6325CF87290076659D /* LaunchScreen.storyboard */ = {
			isa = PBXVariantGroup;
			children = (
				00659B6425CF87290076659D /* Base */,
			);
			name = LaunchScreen.storyboard;
			sourceTree = "<group>";
		};
/* End PBXVariantGroup section */

/* Begin XCBuildConfiguration section */
		00659B7F25CF87290076659D /* Debug */ = {
			isa = XCBuildConfiguration;
			buildSettings = {
				ALWAYS_SEARCH_USER_PATHS = NO;
				CLANG_ANALYZER_NONNULL = YES;
				CLANG_ANALYZER_NUMBER_OBJECT_CONVERSION = YES_AGGRESSIVE;
				CLANG_CXX_LANGUAGE_STANDARD = "gnu++14";
				CLANG_CXX_LIBRARY = "libc++";
				CLANG_ENABLE_MODULES = YES;
				CLANG_ENABLE_OBJC_ARC = YES;
				CLANG_ENABLE_OBJC_WEAK = YES;
				CLANG_WARN_BLOCK_CAPTURE_AUTORELEASING = YES;
				CLANG_WARN_BOOL_CONVERSION = YES;
				CLANG_WARN_COMMA = YES;
				CLANG_WARN_CONSTANT_CONVERSION = YES;
				CLANG_WARN_DEPRECATED_OBJC_IMPLEMENTATIONS = YES;
				CLANG_WARN_DIRECT_OBJC_ISA_USAGE = YES_ERROR;
				CLANG_WARN_DOCUMENTATION_COMMENTS = YES;
				CLANG_WARN_EMPTY_BODY = YES;
				CLANG_WARN_ENUM_CONVERSION = YES;
				CLANG_WARN_INFINITE_RECURSION = YES;
				CLANG_WARN_INT_CONVERSION = YES;
				CLANG_WARN_NON_LITERAL_NULL_CONVERSION = YES;
				CLANG_WARN_OBJC_IMPLICIT_RETAIN_SELF = YES;
				CLANG_WARN_OBJC_LITERAL_CONVERSION = YES;
				CLANG_WARN_OBJC_ROOT_CLASS = YES_ERROR;
				CLANG_WARN_QUOTED_INCLUDE_IN_FRAMEWORK_HEADER = YES;
				CLANG_WARN_RANGE_LOOP_ANALYSIS = YES;
				CLANG_WARN_STRICT_PROTOTYPES = YES;
				CLANG_WARN_SUSPICIOUS_MOVE = YES;
				CLANG_WARN_UNGUARDED_AVAILABILITY = YES_AGGRESSIVE;
				CLANG_WARN_UNREACHABLE_CODE = YES;
				CLANG_WARN__DUPLICATE_METHOD_MATCH = YES;
				COPY_PHASE_STRIP = NO;
				DEBUG_INFORMATION_FORMAT = dwarf;
				ENABLE_STRICT_OBJC_MSGSEND = YES;
				ENABLE_TESTABILITY = YES;
				GCC_C_LANGUAGE_STANDARD = gnu11;
				GCC_DYNAMIC_NO_PIC = NO;
				GCC_NO_COMMON_BLOCKS = YES;
				GCC_OPTIMIZATION_LEVEL = 0;
				GCC_PREPROCESSOR_DEFINITIONS = (
					"DEBUG=1",
					"$(inherited)",
				);
				GCC_WARN_64_TO_32_BIT_CONVERSION = YES;
				GCC_WARN_ABOUT_RETURN_TYPE = YES_ERROR;
				GCC_WARN_UNDECLARED_SELECTOR = YES;
				GCC_WARN_UNINITIALIZED_AUTOS = YES_AGGRESSIVE;
				GCC_WARN_UNUSED_FUNCTION = YES;
				GCC_WARN_UNUSED_VARIABLE = YES;
				IPHONEOS_DEPLOYMENT_TARGET = 10.0;
				MTL_ENABLE_DEBUG_INFO = INCLUDE_SOURCE;
				MTL_FAST_MATH = YES;
				ONLY_ACTIVE_ARCH = YES;
				SDKROOT = iphoneos;
			};
			name = Debug;
		};
		00659B8025CF87290076659D /* Release */ = {
			isa = XCBuildConfiguration;
			buildSettings = {
				ALWAYS_SEARCH_USER_PATHS = NO;
				CLANG_ANALYZER_NONNULL = YES;
				CLANG_ANALYZER_NUMBER_OBJECT_CONVERSION = YES_AGGRESSIVE;
				CLANG_CXX_LANGUAGE_STANDARD = "gnu++14";
				CLANG_CXX_LIBRARY = "libc++";
				CLANG_ENABLE_MODULES = YES;
				CLANG_ENABLE_OBJC_ARC = YES;
				CLANG_ENABLE_OBJC_WEAK = YES;
				CLANG_WARN_BLOCK_CAPTURE_AUTORELEASING = YES;
				CLANG_WARN_BOOL_CONVERSION = YES;
				CLANG_WARN_COMMA = YES;
				CLANG_WARN_CONSTANT_CONVERSION = YES;
				CLANG_WARN_DEPRECATED_OBJC_IMPLEMENTATIONS = YES;
				CLANG_WARN_DIRECT_OBJC_ISA_USAGE = YES_ERROR;
				CLANG_WARN_DOCUMENTATION_COMMENTS = YES;
				CLANG_WARN_EMPTY_BODY = YES;
				CLANG_WARN_ENUM_CONVERSION = YES;
				CLANG_WARN_INFINITE_RECURSION = YES;
				CLANG_WARN_INT_CONVERSION = YES;
				CLANG_WARN_NON_LITERAL_NULL_CONVERSION = YES;
				CLANG_WARN_OBJC_IMPLICIT_RETAIN_SELF = YES;
				CLANG_WARN_OBJC_LITERAL_CONVERSION = YES;
				CLANG_WARN_OBJC_ROOT_CLASS = YES_ERROR;
				CLANG_WARN_QUOTED_INCLUDE_IN_FRAMEWORK_HEADER = YES;
				CLANG_WARN_RANGE_LOOP_ANALYSIS = YES;
				CLANG_WARN_STRICT_PROTOTYPES = YES;
				CLANG_WARN_SUSPICIOUS_MOVE = YES;
				CLANG_WARN_UNGUARDED_AVAILABILITY = YES_AGGRESSIVE;
				CLANG_WARN_UNREACHABLE_CODE = YES;
				CLANG_WARN__DUPLICATE_METHOD_MATCH = YES;
				COPY_PHASE_STRIP = NO;
				DEBUG_INFORMATION_FORMAT = "dwarf-with-dsym";
				ENABLE_NS_ASSERTIONS = NO;
				ENABLE_STRICT_OBJC_MSGSEND = YES;
				GCC_C_LANGUAGE_STANDARD = gnu11;
				GCC_NO_COMMON_BLOCKS = YES;
				GCC_WARN_64_TO_32_BIT_CONVERSION = YES;
				GCC_WARN_ABOUT_RETURN_TYPE = YES_ERROR;
				GCC_WARN_UNDECLARED_SELECTOR = YES;
				GCC_WARN_UNINITIALIZED_AUTOS = YES_AGGRESSIVE;
				GCC_WARN_UNUSED_FUNCTION = YES;
				GCC_WARN_UNUSED_VARIABLE = YES;
				IPHONEOS_DEPLOYMENT_TARGET = 10.0;
				MTL_ENABLE_DEBUG_INFO = NO;
				MTL_FAST_MATH = YES;
				SDKROOT = iphoneos;
				VALIDATE_PRODUCT = YES;
			};
			name = Release;
		};
		00659B8225CF87290076659D /* Debug */ = {
			isa = XCBuildConfiguration;
			buildSettings = {
				ASSETCATALOG_COMPILER_APPICON_NAME = AppIcon;
				ASSETCATALOG_COMPILER_GLOBAL_ACCENT_COLOR_NAME = AccentColor;
				CODE_SIGN_STYLE = Automatic;
				DEVELOPMENT_TEAM = 4WG7PLUDH8;
				INFOPLIST_FILE = Demo/Info.plist;
				LD_RUNPATH_SEARCH_PATHS = (
					"$(inherited)",
					"@executable_path/Frameworks",
				);
				PRODUCT_BUNDLE_IDENTIFIER = com.edz.Demo;
				PRODUCT_NAME = "$(TARGET_NAME)";
				TARGETED_DEVICE_FAMILY = "1,2";
			};
			name = Debug;
		};
		00659B8325CF87290076659D /* Release */ = {
			isa = XCBuildConfiguration;
			buildSettings = {
				ASSETCATALOG_COMPILER_APPICON_NAME = AppIcon;
				ASSETCATALOG_COMPILER_GLOBAL_ACCENT_COLOR_NAME = AccentColor;
				CODE_SIGN_STYLE = Automatic;
				DEVELOPMENT_TEAM = 4WG7PLUDH8;
				INFOPLIST_FILE = Demo/Info.plist;
				LD_RUNPATH_SEARCH_PATHS = (
					"$(inherited)",
					"@executable_path/Frameworks",
				);
				PRODUCT_BUNDLE_IDENTIFIER = com.edz.Demo;
				PRODUCT_NAME = "$(TARGET_NAME)";
				TARGETED_DEVICE_FAMILY = "1,2";
			};
			name = Release;
		};
		00659B8525CF87290076659D /* Debug */ = {
			isa = XCBuildConfiguration;
			buildSettings = {
				BUNDLE_LOADER = "$(TEST_HOST)";
				CODE_SIGN_STYLE = Automatic;
				DEVELOPMENT_TEAM = 4WG7PLUDH8;
				INFOPLIST_FILE = DemoTests/Info.plist;
				IPHONEOS_DEPLOYMENT_TARGET = 14.4;
				LD_RUNPATH_SEARCH_PATHS = (
					"$(inherited)",
					"@executable_path/Frameworks",
					"@loader_path/Frameworks",
				);
				PRODUCT_BUNDLE_IDENTIFIER = com.edz.DemoTests;
				PRODUCT_NAME = "$(TARGET_NAME)";
				TARGETED_DEVICE_FAMILY = "1,2";
				TEST_HOST = "$(BUILT_PRODUCTS_DIR)/Demo.app/Demo";
			};
			name = Debug;
		};
		00659B8625CF87290076659D /* Release */ = {
			isa = XCBuildConfiguration;
			buildSettings = {
				BUNDLE_LOADER = "$(TEST_HOST)";
				CODE_SIGN_STYLE = Automatic;
				DEVELOPMENT_TEAM = 4WG7PLUDH8;
				INFOPLIST_FILE = DemoTests/Info.plist;
				IPHONEOS_DEPLOYMENT_TARGET = 14.4;
				LD_RUNPATH_SEARCH_PATHS = (
					"$(inherited)",
					"@executable_path/Frameworks",
					"@loader_path/Frameworks",
				);
				PRODUCT_BUNDLE_IDENTIFIER = com.edz.DemoTests;
				PRODUCT_NAME = "$(TARGET_NAME)";
				TARGETED_DEVICE_FAMILY = "1,2";
				TEST_HOST = "$(BUILT_PRODUCTS_DIR)/Demo.app/Demo";
			};
			name = Release;
		};
		00659B8825CF87290076659D /* Debug */ = {
			isa = XCBuildConfiguration;
			buildSettings = {
				CODE_SIGN_STYLE = Automatic;
				DEVELOPMENT_TEAM = 4WG7PLUDH8;
				INFOPLIST_FILE = DemoUITests/Info.plist;
				LD_RUNPATH_SEARCH_PATHS = (
					"$(inherited)",
					"@executable_path/Frameworks",
					"@loader_path/Frameworks",
				);
				PRODUCT_BUNDLE_IDENTIFIER = com.edz.DemoUITests;
				PRODUCT_NAME = "$(TARGET_NAME)";
				TARGETED_DEVICE_FAMILY = "1,2";
				TEST_TARGET_NAME = Demo;
			};
			name = Debug;
		};
		00659B8925CF87290076659D /* Release */ = {
			isa = XCBuildConfiguration;
			buildSettings = {
				CODE_SIGN_STYLE = Automatic;
				DEVELOPMENT_TEAM = 4WG7PLUDH8;
				INFOPLIST_FILE = DemoUITests/Info.plist;
				LD_RUNPATH_SEARCH_PATHS = (
					"$(inherited)",
					"@executable_path/Frameworks",
					"@loader_path/Frameworks",
				);
				PRODUCT_BUNDLE_IDENTIFIER = com.edz.DemoUITests;
				PRODUCT_NAME = "$(TARGET_NAME)";
				TARGETED_DEVICE_FAMILY = "1,2";
				TEST_TARGET_NAME = Demo;
			};
			name = Release;
		};
/* End XCBuildConfiguration section */

/* Begin XCConfigurationList section */
		00659B4D25CF87250076659D /* Build configuration list for PBXProject "Demo" */ = {
			isa = XCConfigurationList;
			buildConfigurations = (
				00659B7F25CF87290076659D /* Debug */,
				00659B8025CF87290076659D /* Release */,
			);
			defaultConfigurationIsVisible = 0;
			defaultConfigurationName = Release;
		};
		00659B8125CF87290076659D /* Build configuration list for PBXNativeTarget "Demo" */ = {
			isa = XCConfigurationList;
			buildConfigurations = (
				00659B8225CF87290076659D /* Debug */,
				00659B8325CF87290076659D /* Release */,
			);
			defaultConfigurationIsVisible = 0;
			defaultConfigurationName = Release;
		};
		00659B8425CF87290076659D /* Build configuration list for PBXNativeTarget "DemoTests" */ = {
			isa = XCConfigurationList;
			buildConfigurations = (
				00659B8525CF87290076659D /* Debug */,
				00659B8625CF87290076659D /* Release */,
			);
			defaultConfigurationIsVisible = 0;
			defaultConfigurationName = Release;
		};
		00659B8725CF87290076659D /* Build configuration list for PBXNativeTarget "DemoUITests" */ = {
			isa = XCConfigurationList;
			buildConfigurations = (
				00659B8825CF87290076659D /* Debug */,
				00659B8925CF87290076659D /* Release */,
			);
			defaultConfigurationIsVisible = 0;
			defaultConfigurationName = Release;
		};
/* End XCConfigurationList section */
	};
	rootObject = 00659B4A25CF87250076659D /* Project object */;
}
